
Microsoft Visual Studio Solution File, Format Version 12.00
# Visual Studio Version 17
VisualStudioVersion = 17.6.33829.357
MinimumVisualStudioVersion = 10.0.40219.1
Project("{FAE04EC0-301F-11D3-BF4B-00C04F79EFBC}") = "bai15-Csharp", "bai15-Csharp.csproj", "{408F3D71-EE9C-45CF-BFAD-8B056A963C0C}"
EndProject
Global
	GlobalSection(SolutionConfigurationPlatforms) = preSolution
		Debug|Any CPU = Debug|Any CPU
		Release|Any CPU = Release|Any CPU
	EndGlobalSection
	GlobalSection(ProjectConfigurationPlatforms) = postSolution
		{408F3D71-EE9C-45CF-BFAD-8B056A963C0C}.Debug|Any CPU.ActiveCfg = Debug|Any CPU
		{408F3D71-EE9C-45CF-BFAD-8B056A963C0C}.Debug|Any CPU.Build.0 = Debug|Any CPU
		{408F3D71-EE9C-45CF-BFAD-8B056A963C0C}.Release|Any CPU.ActiveCfg = Release|Any CPU
		{408F3D71-EE9C-45CF-BFAD-8B056A963C0C}.Release|Any CPU.Build.0 = Release|Any CPU
	EndGlobalSection
	GlobalSection(SolutionProperties) = preSolution
		HideSolutionNode = FALSE
	EndGlobalSection
	GlobalSection(ExtensibilityGlobals) = postSolution
		SolutionGuid = {9958F80A-E897-402C-A5A7-910F57F686C2}
	EndGlobalSection
EndGlobal
